
Microsoft Visual Studio Solution File, Format Version 12.00
# Visual Studio 15
VisualStudioVersion = 15.0.26730.16
MinimumVisualStudioVersion = 10.0.40219.1
Project("{FAE04EC0-301F-11D3-BF4B-00C04F79EFBC}") = "Ribbit 1.0", "Progetto 2.0\Ribbit 1.0.csproj", "{60894A83-DFE0-49A7-9C13-5C42FB1B15DC}"
EndProject
Global
	GlobalSection(SolutionConfigurationPlatforms) = preSolution
		Debug|Any CPU = Debug|Any CPU
		Release|Any CPU = Release|Any CPU
	EndGlobalSection
	GlobalSection(ProjectConfigurationPlatforms) = postSolution
		{60894A83-DFE0-49A7-9C13-5C42FB1B15DC}.Debug|Any CPU.ActiveCfg = Debug|Any CPU
		{60894A83-DFE0-49A7-9C13-5C42FB1B15DC}.Debug|Any CPU.Build.0 = Debug|Any CPU
		{60894A83-DFE0-49A7-9C13-5C42FB1B15DC}.Release|Any CPU.ActiveCfg = Release|Any CPU
		{60894A83-DFE0-49A7-9C13-5C42FB1B15DC}.Release|Any CPU.Build.0 = Release|Any CPU
	EndGlobalSection
	GlobalSection(SolutionProperties) = preSolution
		HideSolutionNode = FALSE
	EndGlobalSection
	GlobalSection(ExtensibilityGlobals) = postSolution
		SolutionGuid = {B7CE1A85-86B2-46A8-89D4-FD54E44C6DF4}
	EndGlobalSection
EndGlobal
